{
  "name": "irixi-office-agent",
  "version": "1.0.0",
  "lockfileVersion": 3,
  "requires": true,
  "packages": {
    "": {
      "name": "irixi-office-agent",
      "version": "1.0.0",
      "dependencies": {
        "easystarjs": "0.4.4",
        "phaser": "3.80.1"
      },
      "engines": {
        "node": ">=24"
      }
    },
    "node_modules/easystarjs": {
      "version": "0.4.4",
      "resolved": "https://registry.npmjs.org/easystarjs/-/easystarjs-0.4.4.tgz",
      "integrity": "sha512-ZSt0TkB8xuIXRIrKsM3jkmk1/cZUtyvf0DqOXf6wuKq9slx9UA5kkLtiaWhtmOQFJFKdabbvXwk6RO0znghArQ==",
      "license": "MIT",
      "dependencies": {
        "heap": "0.2.6"
      }
    },
    "node_modules/eventemitter3": {
      "version": "5.0.4",
      "resolved": "https://registry.npmjs.org/eventemitter3/-/eventemitter3-5.0.4.tgz",
      "integrity": "sha512-mlsTRyGaPBjPedk6Bvw+aqbsXDtoAyAzm5MO7JgU+yVRyMQ5O8bD4Kcci7BS85f93veegeCPkL8R4GLClnjLFw==",
      "license": "MIT"
    },
    "node_modules/heap": {
      "version": "0.2.6",
      "resolved": "https://registry.npmjs.org/heap/-/heap-0.2.6.tgz",
      "integrity": "sha512-MzzWcnfB1e4EG2vHi3dXHoBupmuXNZzx6pY6HldVS55JKKBoq3xOyzfSaZRkJp37HIhEYC78knabHff3zc4dQQ=="
    },
    "node_modules/phaser": {
      "version": "3.80.1",
      "resolved": "https://registry.npmjs.org/phaser/-/phaser-3.80.1.tgz",
      "integrity": "sha512-VQGAWoDOkEpAWYkI+PUADv5Ql+SM0xpLuAMBJHz9tBcOLqjJ2wd8bUhxJgOqclQlLTg97NmMd9MhS75w16x1Cw==",
      "license": "MIT",
      "dependencies": {
        "eventemitter3": "^5.0.1"
      }
    }
  }
}
